// !$*UTF8*$!
{
	archiveVersion = 1;
	classes = {
	};
	objectVersion = 46;
	objects = {

/* Begin PBXBuildFile section */
		4325A1A91E9B284C00517531 /* main.m in Sources */ = {isa = PBXBuildFile; fileRef = 4325A1A81E9B284C00517531 /* main.m */; };
		4325A1AC1E9B284C00517531 /* AppDelegate.m in Sources */ = {isa = PBXBuildFile; fileRef = 4325A1AB1E9B284C00517531 /* AppDelegate.m */; };
		4325A1AF1E9B284C00517531 /* ViewController.m in Sources */ = {isa = PBXBuildFile; fileRef = 4325A1AE1E9B284C00517531 /* ViewController.m */; };
		4325A1B21E9B284C00517531 /* Main.storyboard in Resources */ = {isa = PBXBuildFile; fileRef = 4325A1B01E9B284C00517531 /* Main.storyboard */; };
		4325A1B41E9B284C00517531 /* Assets.xcassets in Resources */ = {isa = PBXBuildFile; fileRef = 4325A1B31E9B284C00517531 /* Assets.xcassets */; };
		4325A1B71E9B284C00517531 /* LaunchScreen.storyboard in Resources */ = {isa = PBXBuildFile; fileRef = 4325A1B51E9B284C00517531 /* LaunchScreen.storyboard */; };
		4325A1C21E9B284C00517531 /* __Tests.m in Sources */ = {isa = PBXBuildFile; fileRef = 4325A1C11E9B284C00517531 /* __Tests.m */; };
		4325A1CD1E9B284C00517531 /* __UITests.m in Sources */ = {isa = PBXBuildFile; fileRef = 4325A1CC1E9B284C00517531 /* __UITests.m */; };
/* End PBXBuildFile section */

/* Begin PBXContainerItemProxy section */
		4325A1BE1E9B284C00517531 /* PBXContainerItemProxy */ = {
			isa = PBXContainerItemProxy;
			containerPortal = 4325A19C1E9B284C00517531 /* Project object */;
			proxyType = 1;
			remoteGlobalIDString = 4325A1A31E9B284C00517531;
			remoteInfo = "学习";
		};
		4325A1C91E9B284C00517531 /* PBXContainerItemProxy */ = {
			isa = PBXContainerItemProxy;
			containerPortal = 4325A19C1E9B284C00517531 /* Project object */;
			proxyType = 1;
			remoteGlobalIDString = 4325A1A31E9B284C00517531;
			remoteInfo = "学习";
		};
/* End PBXContainerItemProxy section */

/* Begin PBXFileReference section */
		4325A1A41E9B284C00517531 /* 学习.app */ = {isa = PBXFileReference; explicitFileType = wrapper.application; includeInIndex = 0; path = "学习.app"; sourceTree = BUILT_PRODUCTS_DIR; };
		4325A1A81E9B284C00517531 /* main.m */ = {isa = PBXFileReference; lastKnownFileType = sourcecode.c.objc; path = main.m; sourceTree = "<group>"; };
		4325A1AA1E9B284C00517531 /* AppDelegate.h */ = {isa = PBXFileReference; lastKnownFileType = sourcecode.c.h; path = AppDelegate.h; sourceTree = "<group>"; };
		4325A1AB1E9B284C00517531 /* AppDelegate.m */ = {isa = PBXFileReference; lastKnownFileType = sourcecode.c.objc; path = AppDelegate.m; sourceTree = "<group>"; };
		4325A1AD1E9B284C00517531 /* ViewController.h */ = {isa = PBXFileReference; lastKnownFileType = sourcecode.c.h; path = ViewController.h; sourceTree = "<group>"; };
		4325A1AE1E9B284C00517531 /* ViewController.m */ = {isa = PBXFileReference; lastKnownFileType = sourcecode.c.objc; path = ViewController.m; sourceTree = "<group>"; };
		4325A1B11E9B284C00517531 /* Base */ = {isa = PBXFileReference; lastKnownFileType = file.storyboard; name = Base; path = Base.lproj/Main.storyboard; sourceTree = "<group>"; };
		4325A1B31E9B284C00517531 /* Assets.xcassets */ = {isa = PBXFileReference; lastKnownFileType = folder.assetcatalog; path = Assets.xcassets; sourceTree = "<group>"; };
		4325A1B61E9B284C00517531 /* Base */ = {isa = PBXFileReference; lastKnownFileType = file.storyboard; name = Base; path = Base.lproj/LaunchScreen.storyboard; sourceTree = "<group>"; };
		4325A1B81E9B284C00517531 /* Info.plist */ = {isa = PBXFileReference; lastKnownFileType = text.plist.xml; path = Info.plist; sourceTree = "<group>"; };
		4325A1BD1E9B284C00517531 /* 学习Tests.xctest */ = {isa = PBXFileReference; explicitFileType = wrapper.cfbundle; includeInIndex = 0; path = "学习Tests.xctest"; sourceTree = BUILT_PRODUCTS_DIR; };
		4325A1C11E9B284C00517531 /* __Tests.m */ = {isa = PBXFileReference; lastKnownFileType = sourcecode.c.objc; path = __Tests.m; sourceTree = "<group>"; };
		4325A1C31E9B284C00517531 /* Info.plist */ = {isa = PBXFileReference; lastKnownFileType = text.plist.xml; path = Info.plist; sourceTree = "<group>"; };
		4325A1C81E9B284C00517531 /* 学习UITests.xctest */ = {isa = PBXFileReference; explicitFileType = wrapper.cfbundle; includeInIndex = 0; path = "学习UITests.xctest"; sourceTree = BUILT_PRODUCTS_DIR; };
		4325A1CC1E9B284C00517531 /* __UITests.m */ = {isa = PBXFileReference; lastKnownFileType = sourcecode.c.objc; path = __UITests.m; sourceTree = "<group>"; };
		4325A1CE1E9B284C00517531 /* Info.plist */ = {isa = PBXFileReference; lastKnownFileType = text.plist.xml; path = Info.plist; sourceTree = "<group>"; };
/* End PBXFileReference section */

/* Begin PBXFrameworksBuildPhase section */
		4325A1A11E9B284C00517531 /* Frameworks */ = {
			isa = PBXFrameworksBuildPhase;
			buildActionMask = 2147483647;
			files = (
			);
			runOnlyForDeploymentPostprocessing = 0;
		};
		4325A1BA1E9B284C00517531 /* Frameworks */ = {
			isa = PBXFrameworksBuildPhase;
			buildActionMask = 2147483647;
			files = (
			);
			runOnlyForDeploymentPostprocessing = 0;
		};
		4325A1C51E9B284C00517531 /* Frameworks */ = {
			isa = PBXFrameworksBuildPhase;
			buildActionMask = 2147483647;
			files = (
			);
			runOnlyForDeploymentPostprocessing = 0;
		};
/* End PBXFrameworksBuildPhase section */

/* Begin PBXGroup section */
		4325A19B1E9B284C00517531 = {
			isa = PBXGroup;
			children = (
				4325A1A61E9B284C00517531 /* 学习 */,
				4325A1C01E9B284C00517531 /* 学习Tests */,
				4325A1CB1E9B284C00517531 /* 学习UITests */,
				4325A1A51E9B284C00517531 /* Products */,
			);
			sourceTree = "<group>";
		};
		4325A1A51E9B284C00517531 /* Products */ = {
			isa = PBXGroup;
			children = (
				4325A1A41E9B284C00517531 /* 学习.app */,
				4325A1BD1E9B284C00517531 /* 学习Tests.xctest */,
				4325A1C81E9B284C00517531 /* 学习UITests.xctest */,
			);
			name = Products;
			sourceTree = "<group>";
		};
		4325A1A61E9B284C00517531 /* 学习 */ = {
			isa = PBXGroup;
			children = (
				4325A1AA1E9B284C00517531 /* AppDelegate.h */,
				4325A1AB1E9B284C00517531 /* AppDelegate.m */,
				4325A1AD1E9B284C00517531 /* ViewController.h */,
				4325A1AE1E9B284C00517531 /* ViewController.m */,
				4325A1B01E9B284C00517531 /* Main.storyboard */,
				4325A1B31E9B284C00517531 /* Assets.xcassets */,
				4325A1B51E9B284C00517531 /* LaunchScreen.storyboard */,
				4325A1B81E9B284C00517531 /* Info.plist */,
				4325A1A71E9B284C00517531 /* Supporting Files */,
			);
			path = "学习";
			sourceTree = "<group>";
		};
		4325A1A71E9B284C00517531 /* Supporting Files */ = {
			isa = PBXGroup;
			children = (
				4325A1A81E9B284C00517531 /* main.m */,
			);
			name = "Supporting Files";
			sourceTree = "<group>";
		};
		4325A1C01E9B284C00517531 /* 学习Tests */ = {
			isa = PBXGroup;
			children = (
				4325A1C11E9B284C00517531 /* __Tests.m */,
				4325A1C31E9B284C00517531 /* Info.plist */,
			);
			path = "学习Tests";
			sourceTree = "<group>";
		};
		4325A1CB1E9B284C00517531 /* 学习UITests */ = {
			isa = PBXGroup;
			children = (
				4325A1CC1E9B284C00517531 /* __UITests.m */,
				4325A1CE1E9B284C00517531 /* Info.plist */,
			);
			path = "学习UITests";
			sourceTree = "<group>";
		};
/* End PBXGroup section */

/* Begin PBXNativeTarget section */
		4325A1A31E9B284C00517531 /* 学习 */ = {
			isa = PBXNativeTarget;
			buildConfigurationList = 4325A1D11E9B284C00517531 /* Build configuration list for PBXNativeTarget "学习" */;
			buildPhases = (
				4325A1A01E9B284C00517531 /* Sources */,
				4325A1A11E9B284C00517531 /* Frameworks */,
				4325A1A21E9B284C00517531 /* Resources */,
			);
			buildRules = (
			);
			dependencies = (
			);
			name = "学习";
			productName = "学习";
			productReference = 4325A1A41E9B284C00517531 /* 学习.app */;
			productType = "com.apple.product-type.application";
		};
		4325A1BC1E9B284C00517531 /* 学习Tests */ = {
			isa = PBXNativeTarget;
			buildConfigurationList = 4325A1D41E9B284C00517531 /* Build configuration list for PBXNativeTarget "学习Tests" */;
			buildPhases = (
				4325A1B91E9B284C00517531 /* Sources */,
				4325A1BA1E9B284C00517531 /* Frameworks */,
				4325A1BB1E9B284C00517531 /* Resources */,
			);
			buildRules = (
			);
			dependencies = (
				4325A1BF1E9B284C00517531 /* PBXTargetDependency */,
			);
			name = "学习Tests";
			productName = "学习Tests";
			productReference = 4325A1BD1E9B284C00517531 /* 学习Tests.xctest */;
			productType = "com.apple.product-type.bundle.unit-test";
		};
		4325A1C71E9B284C00517531 /* 学习UITests */ = {
			isa = PBXNativeTarget;
			buildConfigurationList = 4325A1D71E9B284C00517531 /* Build configuration list for PBXNativeTarget "学习UITests" */;
			buildPhases = (
				4325A1C41E9B284C00517531 /* Sources */,
				4325A1C51E9B284C00517531 /* Frameworks */,
				4325A1C61E9B284C00517531 /* Resources */,
			);
			buildRules = (
			);
			dependencies = (
				4325A1CA1E9B284C00517531 /* PBXTargetDependency */,
			);
			name = "学习UITests";
			productName = "学习UITests";
			productReference = 4325A1C81E9B284C00517531 /* 学习UITests.xctest */;
			productType = "com.apple.product-type.bundle.ui-testing";
		};
/* End PBXNativeTarget section */

/* Begin PBXProject section */
		4325A19C1E9B284C00517531 /* Project object */ = {
			isa = PBXProject;
			attributes = {
				LastUpgradeCheck = 0810;
				ORGANIZATIONNAME = haozp;
				TargetAttributes = {
					4325A1A31E9B284C00517531 = {
						CreatedOnToolsVersion = 8.1;
						DevelopmentTeam = HA393DSW76;
						ProvisioningStyle = Automatic;
					};
					4325A1BC1E9B284C00517531 = {
						CreatedOnToolsVersion = 8.1;
						DevelopmentTeam = HA393DSW76;
						ProvisioningStyle = Automatic;
						TestTargetID = 4325A1A31E9B284C00517531;
					};
					4325A1C71E9B284C00517531 = {
						CreatedOnToolsVersion = 8.1;
						DevelopmentTeam = HA393DSW76;
						ProvisioningStyle = Automatic;
						TestTargetID = 4325A1A31E9B284C00517531;
					};
				};
			};
			buildConfigurationList = 4325A19F1E9B284C00517531 /* Build configuration list for PBXProject "学习" */;
			compatibilityVersion = "Xcode 3.2";
			developmentRegion = English;
			hasScannedForEncodings = 0;
			knownRegions = (
				en,
				Base,
			);
			mainGroup = 4325A19B1E9B284C00517531;
			productRefGroup = 4325A1A51E9B284C00517531 /* Products */;
			projectDirPath = "";
			projectRoot = "";
			targets = (
				4325A1A31E9B284C00517531 /* 学习 */,
				4325A1BC1E9B284C00517531 /* 学习Tests */,
				4325A1C71E9B284C00517531 /* 学习UITests */,
			);
		};
/* End PBXProject section */

/* Begin PBXResourcesBuildPhase section */
		4325A1A21E9B284C00517531 /* Resources */ = {
			isa = PBXResourcesBuildPhase;
			buildActionMask = 2147483647;
			files = (
				4325A1B71E9B284C00517531 /* LaunchScreen.storyboard in Resources */,
				4325A1B41E9B284C00517531 /* Assets.xcassets in Resources */,
				4325A1B21E9B284C00517531 /* Main.storyboard in Resources */,
			);
			runOnlyForDeploymentPostprocessing = 0;
		};
		4325A1BB1E9B284C00517531 /* Resources */ = {
			isa = PBXResourcesBuildPhase;
			buildActionMask = 2147483647;
			files = (
			);
			runOnlyForDeploymentPostprocessing = 0;
		};
		4325A1C61E9B284C00517531 /* Resources */ = {
			isa = PBXResourcesBuildPhase;
			buildActionMask = 2147483647;
			files = (
			);
			runOnlyForDeploymentPostprocessing = 0;
		};
/* End PBXResourcesBuildPhase section */

/* Begin PBXSourcesBuildPhase section */
		4325A1A01E9B284C00517531 /* Sources */ = {
			isa = PBXSourcesBuildPhase;
			buildActionMask = 2147483647;
			files = (
				4325A1AF1E9B284C00517531 /* ViewController.m in Sources */,
				4325A1AC1E9B284C00517531 /* AppDelegate.m in Sources */,
				4325A1A91E9B284C00517531 /* main.m in Sources */,
			);
			runOnlyForDeploymentPostprocessing = 0;
		};
		4325A1B91E9B284C00517531 /* Sources */ = {
			isa = PBXSourcesBuildPhase;
			buildActionMask = 2147483647;
			files = (
				4325A1C21E9B284C00517531 /* __Tests.m in Sources */,
			);
			runOnlyForDeploymentPostprocessing = 0;
		};
		4325A1C41E9B284C00517531 /* Sources */ = {
			isa = PBXSourcesBuildPhase;
			buildActionMask = 2147483647;
			files = (
				4325A1CD1E9B284C00517531 /* __UITests.m in Sources */,
			);
			runOnlyForDeploymentPostprocessing = 0;
		};
/* End PBXSourcesBuildPhase section */

/* Begin PBXTargetDependency section */
		4325A1BF1E9B284C00517531 /* PBXTargetDependency */ = {
			isa = PBXTargetDependency;
			target = 4325A1A31E9B284C00517531 /* 学习 */;
			targetProxy = 4325A1BE1E9B284C00517531 /* PBXContainerItemProxy */;
		};
		4325A1CA1E9B284C00517531 /* PBXTargetDependency */ = {
			isa = PBXTargetDependency;
			target = 4325A1A31E9B284C00517531 /* 学习 */;
			targetProxy = 4325A1C91E9B284C00517531 /* PBXContainerItemProxy */;
		};
/* End PBXTargetDependency section */

/* Begin PBXVariantGroup section */
		4325A1B01E9B284C00517531 /* Main.storyboard */ = {
			isa = PBXVariantGroup;
			children = (
				4325A1B11E9B284C00517531 /* Base */,
			);
			name = Main.storyboard;
			sourceTree = "<group>";
		};
		4325A1B51E9B284C00517531 /* LaunchScreen.storyboard */ = {
			isa = PBXVariantGroup;
			children = (
				4325A1B61E9B284C00517531 /* Base */,
			);
			name = LaunchScreen.storyboard;
			sourceTree = "<group>";
		};
/* End PBXVariantGroup section */

/* Begin XCBuildConfiguration section */
		4325A1CF1E9B284C00517531 /* Debug */ = {
			isa = XCBuildConfiguration;
			buildSettings = {
				ALWAYS_SEARCH_USER_PATHS = NO;
				CLANG_ANALYZER_NONNULL = YES;
				CLANG_CXX_LANGUAGE_STANDARD = "gnu++0x";
				CLANG_CXX_LIBRARY = "libc++";
				CLANG_ENABLE_MODULES = YES;
				CLANG_ENABLE_OBJC_ARC = YES;
				CLANG_WARN_BOOL_CONVERSION = YES;
				CLANG_WARN_CONSTANT_CONVERSION = YES;
				CLANG_WARN_DIRECT_OBJC_ISA_USAGE = YES_ERROR;
				CLANG_WARN_DOCUMENTATION_COMMENTS = YES;
				CLANG_WARN_EMPTY_BODY = YES;
				CLANG_WARN_ENUM_CONVERSION = YES;
				CLANG_WARN_INFINITE_RECURSION = YES;
				CLANG_WARN_INT_CONVERSION = YES;
				CLANG_WARN_OBJC_ROOT_CLASS = YES_ERROR;
				CLANG_WARN_SUSPICIOUS_MOVES = YES;
				CLANG_WARN_UNREACHABLE_CODE = YES;
				CLANG_WARN__DUPLICATE_METHOD_MATCH = YES;
				"CODE_SIGN_IDENTITY[sdk=iphoneos*]" = "iPhone Developer";
				COPY_PHASE_STRIP = NO;
				DEBUG_INFORMATION_FORMAT = dwarf;
				ENABLE_STRICT_OBJC_MSGSEND = YES;
				ENABLE_TESTABILITY = YES;
				GCC_C_LANGUAGE_STANDARD = gnu99;
				GCC_DYNAMIC_NO_PIC = NO;
				GCC_NO_COMMON_BLOCKS = YES;
				GCC_OPTIMIZATION_LEVEL = 0;
				GCC_PREPROCESSOR_DEFINITIONS = (
					"DEBUG=1",
					"$(inherited)",
				);
				GCC_WARN_64_TO_32_BIT_CONVERSION = YES;
				GCC_WARN_ABOUT_RETURN_TYPE = YES_ERROR;
				GCC_WARN_UNDECLARED_SELECTOR = YES;
				GCC_WARN_UNINITIALIZED_AUTOS = YES_AGGRESSIVE;
				GCC_WARN_UNUSED_FUNCTION = YES;
				GCC_WARN_UNUSED_VARIABLE = YES;
				IPHONEOS_DEPLOYMENT_TARGET = 10.1;
				MTL_ENABLE_DEBUG_INFO = YES;
				ONLY_ACTIVE_ARCH = YES;
				SDKROOT = iphoneos;
				TARGETED_DEVICE_FAMILY = "1,2";
			};
			name = Debug;
		};
		4325A1D01E9B284C00517531 /* Release */ = {
			isa = XCBuildConfiguration;
			buildSettings = {
				ALWAYS_SEARCH_USER_PATHS = NO;
				CLANG_ANALYZER_NONNULL = YES;
				CLANG_CXX_LANGUAGE_STANDARD = "gnu++0x";
				CLANG_CXX_LIBRARY = "libc++";
				CLANG_ENABLE_MODULES = YES;
				CLANG_ENABLE_OBJC_ARC = YES;
				CLANG_WARN_BOOL_CONVERSION = YES;
				CLANG_WARN_CONSTANT_CONVERSION = YES;
				CLANG_WARN_DIRECT_OBJC_ISA_USAGE = YES_ERROR;
				CLANG_WARN_DOCUMENTATION_COMMENTS = YES;
				CLANG_WARN_EMPTY_BODY = YES;
				CLANG_WARN_ENUM_CONVERSION = YES;
				CLANG_WARN_INFINITE_RECURSION = YES;
				CLANG_WARN_INT_CONVERSION = YES;
				CLANG_WARN_OBJC_ROOT_CLASS = YES_ERROR;
				CLANG_WARN_SUSPICIOUS_MOVES = YES;
				CLANG_WARN_UNREACHABLE_CODE = YES;
				CLANG_WARN__DUPLICATE_METHOD_MATCH = YES;
				"CODE_SIGN_IDENTITY[sdk=iphoneos*]" = "iPhone Developer";
				COPY_PHASE_STRIP = NO;
				DEBUG_INFORMATION_FORMAT = "dwarf-with-dsym";
				ENABLE_NS_ASSERTIONS = NO;
				ENABLE_STRICT_OBJC_MSGSEND = YES;
				GCC_C_LANGUAGE_STANDARD = gnu99;
				GCC_NO_COMMON_BLOCKS = YES;
				GCC_WARN_64_TO_32_BIT_CONVERSION = YES;
				GCC_WARN_ABOUT_RETURN_TYPE = YES_ERROR;
				GCC_WARN_UNDECLARED_SELECTOR = YES;
				GCC_WARN_UNINITIALIZED_AUTOS = YES_AGGRESSIVE;
				GCC_WARN_UNUSED_FUNCTION = YES;
				GCC_WARN_UNUSED_VARIABLE = YES;
				IPHONEOS_DEPLOYMENT_TARGET = 10.1;
				MTL_ENABLE_DEBUG_INFO = NO;
				SDKROOT = iphoneos;
				TARGETED_DEVICE_FAMILY = "1,2";
				VALIDATE_PRODUCT = YES;
			};
			name = Release;
		};
		4325A1D21E9B284C00517531 /* Debug */ = {
			isa = XCBuildConfiguration;
			buildSettings = {
				ASSETCATALOG_COMPILER_APPICON_NAME = AppIcon;
				DEVELOPMENT_TEAM = HA393DSW76;
				INFOPLIST_FILE = "学习/Info.plist";
				LD_RUNPATH_SEARCH_PATHS = "$(inherited) @executable_path/Frameworks";
				PRODUCT_BUNDLE_IDENTIFIER = "http---www.51licai.mobi-.--";
				PRODUCT_NAME = "$(TARGET_NAME)";
			};
			name = Debug;
		};
		4325A1D31E9B284C00517531 /* Release */ = {
			isa = XCBuildConfiguration;
			buildSettings = {
				ASSETCATALOG_COMPILER_APPICON_NAME = AppIcon;
				DEVELOPMENT_TEAM = HA393DSW76;
				INFOPLIST_FILE = "学习/Info.plist";
				LD_RUNPATH_SEARCH_PATHS = "$(inherited) @executable_path/Frameworks";
				PRODUCT_BUNDLE_IDENTIFIER = "http---www.51licai.mobi-.--";
				PRODUCT_NAME = "$(TARGET_NAME)";
			};
			name = Release;
		};
		4325A1D51E9B284C00517531 /* Debug */ = {
			isa = XCBuildConfiguration;
			buildSettings = {
				BUNDLE_LOADER = "$(TEST_HOST)";
				DEVELOPMENT_TEAM = HA393DSW76;
				INFOPLIST_FILE = "学习Tests/Info.plist";
				LD_RUNPATH_SEARCH_PATHS = "$(inherited) @executable_path/Frameworks @loader_path/Frameworks";
				PRODUCT_BUNDLE_IDENTIFIER = "http---www.51licai.mobi-.--Tests";
				PRODUCT_NAME = "$(TARGET_NAME)";
				TEST_HOST = "$(BUILT_PRODUCTS_DIR)/学习.app/学习";
			};
			name = Debug;
		};
		4325A1D61E9B284C00517531 /* Release */ = {
			isa = XCBuildConfiguration;
			buildSettings = {
				BUNDLE_LOADER = "$(TEST_HOST)";
				DEVELOPMENT_TEAM = HA393DSW76;
				INFOPLIST_FILE = "学习Tests/Info.plist";
				LD_RUNPATH_SEARCH_PATHS = "$(inherited) @executable_path/Frameworks @loader_path/Frameworks";
				PRODUCT_BUNDLE_IDENTIFIER = "http---www.51licai.mobi-.--Tests";
				PRODUCT_NAME = "$(TARGET_NAME)";
				TEST_HOST = "$(BUILT_PRODUCTS_DIR)/学习.app/学习";
			};
			name = Release;
		};
		4325A1D81E9B284C00517531 /* Debug */ = {
			isa = XCBuildConfiguration;
			buildSettings = {
				DEVELOPMENT_TEAM = HA393DSW76;
				INFOPLIST_FILE = "学习UITests/Info.plist";
				LD_RUNPATH_SEARCH_PATHS = "$(inherited) @executable_path/Frameworks @loader_path/Frameworks";
				PRODUCT_BUNDLE_IDENTIFIER = "http---www.51licai.mobi-.--UITests";
				PRODUCT_NAME = "$(TARGET_NAME)";
				TEST_TARGET_NAME = "学习";
			};
			name = Debug;
		};
		4325A1D91E9B284C00517531 /* Release */ = {
			isa = XCBuildConfiguration;
			buildSettings = {
				DEVELOPMENT_TEAM = HA393DSW76;
				INFOPLIST_FILE = "学习UITests/Info.plist";
				LD_RUNPATH_SEARCH_PATHS = "$(inherited) @executable_path/Frameworks @loader_path/Frameworks";
				PRODUCT_BUNDLE_IDENTIFIER = "http---www.51licai.mobi-.--UITests";
				PRODUCT_NAME = "$(TARGET_NAME)";
				TEST_TARGET_NAME = "学习";
			};
			name = Release;
		};
/* End XCBuildConfiguration section */

/* Begin XCConfigurationList section */
		4325A19F1E9B284C00517531 /* Build configuration list for PBXProject "学习" */ = {
			isa = XCConfigurationList;
			buildConfigurations = (
				4325A1CF1E9B284C00517531 /* Debug */,
				4325A1D01E9B284C00517531 /* Release */,
			);
			defaultConfigurationIsVisible = 0;
			defaultConfigurationName = Release;
		};
		4325A1D11E9B284C00517531 /* Build configuration list for PBXNativeTarget "学习" */ = {
			isa = XCConfigurationList;
			buildConfigurations = (
				4325A1D21E9B284C00517531 /* Debug */,
				4325A1D31E9B284C00517531 /* Release */,
			);
			defaultConfigurationIsVisible = 0;
		};
		4325A1D41E9B284C00517531 /* Build configuration list for PBXNativeTarget "学习Tests" */ = {
			isa = XCConfigurationList;
			buildConfigurations = (
				4325A1D51E9B284C00517531 /* Debug */,
				4325A1D61E9B284C00517531 /* Release */,
			);
			defaultConfigurationIsVisible = 0;
		};
		4325A1D71E9B284C00517531 /* Build configuration list for PBXNativeTarget "学习UITests" */ = {
			isa = XCConfigurationList;
			buildConfigurations = (
				4325A1D81E9B284C00517531 /* Debug */,
				4325A1D91E9B284C00517531 /* Release */,
			);
			defaultConfigurationIsVisible = 0;
		};
/* End XCConfigurationList section */
	};
	rootObject = 4325A19C1E9B284C00517531 /* Project object */;
}
